
Microsoft Visual Studio Solution File, Format Version 12.00
# Visual Studio Version 16
VisualStudioVersion = 16.0.30523.141
MinimumVisualStudioVersion = 10.0.40219.1
Project("{9A19103F-16F7-4668-BE54-9A1E7A4F7556}") = "Finance.PciDss.Bridge.Xpate.Server", "Finance.PciDss.Bridge.Xpate.Server\Finance.PciDss.Bridge.Xpate.Server.csproj", "{658914EA-60C2-4626-A1BB-4B2A64ED3641}"
EndProject
Project("{FAE04EC0-301F-11D3-BF4B-00C04F79EFBC}") = "Finance.PciDss.Bridge.Xpate.Test", "Finance.PciDss.Bridge.Xpate.Test\Finance.PciDss.Bridge.Xpate.Test.csproj", "{15F34389-D0F5-4A87-B38A-4888BB2C1A0F}"
EndProject
Global
	GlobalSection(SolutionConfigurationPlatforms) = preSolution
		Debug|Any CPU = Debug|Any CPU
		Release|Any CPU = Release|Any CPU
	EndGlobalSection
	GlobalSection(ProjectConfigurationPlatforms) = postSolution
		{658914EA-60C2-4626-A1BB-4B2A64ED3641}.Debug|Any CPU.ActiveCfg = Debug|Any CPU
		{658914EA-60C2-4626-A1BB-4B2A64ED3641}.Debug|Any CPU.Build.0 = Debug|Any CPU
		{658914EA-60C2-4626-A1BB-4B2A64ED3641}.Release|Any CPU.ActiveCfg = Release|Any CPU
		{658914EA-60C2-4626-A1BB-4B2A64ED3641}.Release|Any CPU.Build.0 = Release|Any CPU
		{15F34389-D0F5-4A87-B38A-4888BB2C1A0F}.Debug|Any CPU.ActiveCfg = Debug|Any CPU
		{15F34389-D0F5-4A87-B38A-4888BB2C1A0F}.Debug|Any CPU.Build.0 = Debug|Any CPU
		{15F34389-D0F5-4A87-B38A-4888BB2C1A0F}.Release|Any CPU.ActiveCfg = Release|Any CPU
		{15F34389-D0F5-4A87-B38A-4888BB2C1A0F}.Release|Any CPU.Build.0 = Release|Any CPU
	EndGlobalSection
	GlobalSection(SolutionProperties) = preSolution
		HideSolutionNode = FALSE
	EndGlobalSection
	GlobalSection(ExtensibilityGlobals) = postSolution
		SolutionGuid = {A62D40DF-EDC1-46FA-ADC4-09248123E07B}
	EndGlobalSection
EndGlobal
